{
  "name": "@nichoth/utils",
  "version": "0.0.2",
  "lockfileVersion": 1,
  "requires": true,
  "dependencies": {
    "inherits": {
      "version": "2.0.3",
      "resolved": "https://registry.npmjs.org/inherits/-/inherits-2.0.3.tgz",
      "integrity": "sha1-Yzwsg+PaQqUC9SRmAiSA9CCCYd4="
    },
    "nanobus": {
      "version": "https://registry.npmjs.org/nanobus/-/nanobus-3.2.1.tgz",
      "integrity": "sha1-Oq8HIiRJrotbvPFgHi7GbJozeOo=",
      "requires": {
        "nanotiming": "https://registry.npmjs.org/nanotiming/-/nanotiming-1.0.1.tgz"
      }
    },
    "nanotiming": {
      "version": "https://registry.npmjs.org/nanotiming/-/nanotiming-1.0.1.tgz",
      "integrity": "sha1-E+ei4nZ5Z5dP7f/wce3Tkyf0TsM="
    }
  }
}
